// !$*UTF8*$!
{
	archiveVersion = 1;
	classes = {
	};
	objectVersion = 56;
	objects = {

/* Begin PBXBuildFile section */
		385EFAEC2A90CDD100BA519B /* ListViewApp.swift in Sources */ = {isa = PBXBuildFile; fileRef = 385EFAEB2A90CDD100BA519B /* ListViewApp.swift */; };
		385EFAEE2A90CDD100BA519B /* ContentView.swift in Sources */ = {isa = PBXBuildFile; fileRef = 385EFAED2A90CDD100BA519B /* ContentView.swift */; };
		385EFAF02A90CDD300BA519B /* Assets.xcassets in Resources */ = {isa = PBXBuildFile; fileRef = 385EFAEF2A90CDD300BA519B /* Assets.xcassets */; };
		385EFAF32A90CDD300BA519B /* Preview Assets.xcassets in Resources */ = {isa = PBXBuildFile; fileRef = 385EFAF22A90CDD300BA519B /* Preview Assets.xcassets */; };
		385EFAFD2A90CDD300BA519B /* ListViewTests.swift in Sources */ = {isa = PBXBuildFile; fileRef = 385EFAFC2A90CDD300BA519B /* ListViewTests.swift */; };
		385EFB072A90CDD300BA519B /* ListViewUITests.swift in Sources */ = {isa = PBXBuildFile; fileRef = 385EFB062A90CDD300BA519B /* ListViewUITests.swift */; };
		385EFB092A90CDD300BA519B /* ListViewUITestsLaunchTests.swift in Sources */ = {isa = PBXBuildFile; fileRef = 385EFB082A90CDD300BA519B /* ListViewUITestsLaunchTests.swift */; };
		385EFB192A90CEBF00BA519B /* data.json in Resources */ = {isa = PBXBuildFile; fileRef = 385EFB182A90CEBF00BA519B /* data.json */; };
		385EFB1B2A90D34E00BA519B /* ListJson.swift in Sources */ = {isa = PBXBuildFile; fileRef = 385EFB1A2A90D34E00BA519B /* ListJson.swift */; };
		385EFB1D2A90DC4200BA519B /* DetailView.swift in Sources */ = {isa = PBXBuildFile; fileRef = 385EFB1C2A90DC4200BA519B /* DetailView.swift */; };
/* End PBXBuildFile section */

/* Begin PBXContainerItemProxy section */
		385EFAF92A90CDD300BA519B /* PBXContainerItemProxy */ = {
			isa = PBXContainerItemProxy;
			containerPortal = 385EFAE02A90CDD100BA519B /* Project object */;
			proxyType = 1;
			remoteGlobalIDString = 385EFAE72A90CDD100BA519B;
			remoteInfo = ListView;
		};
		385EFB032A90CDD300BA519B /* PBXContainerItemProxy */ = {
			isa = PBXContainerItemProxy;
			containerPortal = 385EFAE02A90CDD100BA519B /* Project object */;
			proxyType = 1;
			remoteGlobalIDString = 385EFAE72A90CDD100BA519B;
			remoteInfo = ListView;
		};
/* End PBXContainerItemProxy section */

/* Begin PBXFileReference section */
		385EFAE82A90CDD100BA519B /* ListView.app */ = {isa = PBXFileReference; explicitFileType = wrapper.application; includeInIndex = 0; path = ListView.app; sourceTree = BUILT_PRODUCTS_DIR; };
		385EFAEB2A90CDD100BA519B /* ListViewApp.swift */ = {isa = PBXFileReference; lastKnownFileType = sourcecode.swift; path = ListViewApp.swift; sourceTree = "<group>"; };
		385EFAED2A90CDD100BA519B /* ContentView.swift */ = {isa = PBXFileReference; lastKnownFileType = sourcecode.swift; path = ContentView.swift; sourceTree = "<group>"; };
		385EFAEF2A90CDD300BA519B /* Assets.xcassets */ = {isa = PBXFileReference; lastKnownFileType = folder.assetcatalog; path = Assets.xcassets; sourceTree = "<group>"; };
		385EFAF22A90CDD300BA519B /* Preview Assets.xcassets */ = {isa = PBXFileReference; lastKnownFileType = folder.assetcatalog; path = "Preview Assets.xcassets"; sourceTree = "<group>"; };
		385EFAF82A90CDD300BA519B /* ListViewTests.xctest */ = {isa = PBXFileReference; explicitFileType = wrapper.cfbundle; includeInIndex = 0; path = ListViewTests.xctest; sourceTree = BUILT_PRODUCTS_DIR; };
		385EFAFC2A90CDD300BA519B /* ListViewTests.swift */ = {isa = PBXFileReference; lastKnownFileType = sourcecode.swift; path = ListViewTests.swift; sourceTree = "<group>"; };
		385EFB022A90CDD300BA519B /* ListViewUITests.xctest */ = {isa = PBXFileReference; explicitFileType = wrapper.cfbundle; includeInIndex = 0; path = ListViewUITests.xctest; sourceTree = BUILT_PRODUCTS_DIR; };
		385EFB062A90CDD300BA519B /* ListViewUITests.swift */ = {isa = PBXFileReference; lastKnownFileType = sourcecode.swift; path = ListViewUITests.swift; sourceTree = "<group>"; };
		385EFB082A90CDD300BA519B /* ListViewUITestsLaunchTests.swift */ = {isa = PBXFileReference; lastKnownFileType = sourcecode.swift; path = ListViewUITestsLaunchTests.swift; sourceTree = "<group>"; };
		385EFB182A90CEBF00BA519B /* data.json */ = {isa = PBXFileReference; fileEncoding = 4; lastKnownFileType = text.json; path = data.json; sourceTree = "<group>"; };
		385EFB1A2A90D34E00BA519B /* ListJson.swift */ = {isa = PBXFileReference; lastKnownFileType = sourcecode.swift; path = ListJson.swift; sourceTree = "<group>"; };
		385EFB1C2A90DC4200BA519B /* DetailView.swift */ = {isa = PBXFileReference; lastKnownFileType = sourcecode.swift; path = DetailView.swift; sourceTree = "<group>"; };
/* End PBXFileReference section */

/* Begin PBXFrameworksBuildPhase section */
		385EFAE52A90CDD100BA519B /* Frameworks */ = {
			isa = PBXFrameworksBuildPhase;
			buildActionMask = 2147483647;
			files = (
			);
			runOnlyForDeploymentPostprocessing = 0;
		};
		385EFAF52A90CDD300BA519B /* Frameworks */ = {
			isa = PBXFrameworksBuildPhase;
			buildActionMask = 2147483647;
			files = (
			);
			runOnlyForDeploymentPostprocessing = 0;
		};
		385EFAFF2A90CDD300BA519B /* Frameworks */ = {
			isa = PBXFrameworksBuildPhase;
			buildActionMask = 2147483647;
			files = (
			);
			runOnlyForDeploymentPostprocessing = 0;
		};
/* End PBXFrameworksBuildPhase section */

/* Begin PBXGroup section */
		385EFADF2A90CDD100BA519B = {
			isa = PBXGroup;
			children = (
				385EFAEA2A90CDD100BA519B /* ListView */,
				385EFAFB2A90CDD300BA519B /* ListViewTests */,
				385EFB052A90CDD300BA519B /* ListViewUITests */,
				385EFAE92A90CDD100BA519B /* Products */,
			);
			sourceTree = "<group>";
		};
		385EFAE92A90CDD100BA519B /* Products */ = {
			isa = PBXGroup;
			children = (
				385EFAE82A90CDD100BA519B /* ListView.app */,
				385EFAF82A90CDD300BA519B /* ListViewTests.xctest */,
				385EFB022A90CDD300BA519B /* ListViewUITests.xctest */,
			);
			name = Products;
			sourceTree = "<group>";
		};
		385EFAEA2A90CDD100BA519B /* ListView */ = {
			isa = PBXGroup;
			children = (
				385EFB152A90CDF300BA519B /* Resource */,
				385EFAEB2A90CDD100BA519B /* ListViewApp.swift */,
				385EFAED2A90CDD100BA519B /* ContentView.swift */,
				385EFAEF2A90CDD300BA519B /* Assets.xcassets */,
				385EFAF12A90CDD300BA519B /* Preview Content */,
			);
			path = ListView;
			sourceTree = "<group>";
		};
		385EFAF12A90CDD300BA519B /* Preview Content */ = {
			isa = PBXGroup;
			children = (
				385EFAF22A90CDD300BA519B /* Preview Assets.xcassets */,
			);
			path = "Preview Content";
			sourceTree = "<group>";
		};
		385EFAFB2A90CDD300BA519B /* ListViewTests */ = {
			isa = PBXGroup;
			children = (
				385EFAFC2A90CDD300BA519B /* ListViewTests.swift */,
			);
			path = ListViewTests;
			sourceTree = "<group>";
		};
		385EFB052A90CDD300BA519B /* ListViewUITests */ = {
			isa = PBXGroup;
			children = (
				385EFB062A90CDD300BA519B /* ListViewUITests.swift */,
				385EFB082A90CDD300BA519B /* ListViewUITestsLaunchTests.swift */,
			);
			path = ListViewUITests;
			sourceTree = "<group>";
		};
		385EFB152A90CDF300BA519B /* Resource */ = {
			isa = PBXGroup;
			children = (
				385EFB182A90CEBF00BA519B /* data.json */,
				385EFB1A2A90D34E00BA519B /* ListJson.swift */,
				385EFB1C2A90DC4200BA519B /* DetailView.swift */,
			);
			path = Resource;
			sourceTree = "<group>";
		};
/* End PBXGroup section */

/* Begin PBXNativeTarget section */
		385EFAE72A90CDD100BA519B /* ListView */ = {
			isa = PBXNativeTarget;
			buildConfigurationList = 385EFB0C2A90CDD300BA519B /* Build configuration list for PBXNativeTarget "ListView" */;
			buildPhases = (
				385EFAE42A90CDD100BA519B /* Sources */,
				385EFAE52A90CDD100BA519B /* Frameworks */,
				385EFAE62A90CDD100BA519B /* Resources */,
			);
			buildRules = (
			);
			dependencies = (
			);
			name = ListView;
			productName = ListView;
			productReference = 385EFAE82A90CDD100BA519B /* ListView.app */;
			productType = "com.apple.product-type.application";
		};
		385EFAF72A90CDD300BA519B /* ListViewTests */ = {
			isa = PBXNativeTarget;
			buildConfigurationList = 385EFB0F2A90CDD300BA519B /* Build configuration list for PBXNativeTarget "ListViewTests" */;
			buildPhases = (
				385EFAF42A90CDD300BA519B /* Sources */,
				385EFAF52A90CDD300BA519B /* Frameworks */,
				385EFAF62A90CDD300BA519B /* Resources */,
			);
			buildRules = (
			);
			dependencies = (
				385EFAFA2A90CDD300BA519B /* PBXTargetDependency */,
			);
			name = ListViewTests;
			productName = ListViewTests;
			productReference = 385EFAF82A90CDD300BA519B /* ListViewTests.xctest */;
			productType = "com.apple.product-type.bundle.unit-test";
		};
		385EFB012A90CDD300BA519B /* ListViewUITests */ = {
			isa = PBXNativeTarget;
			buildConfigurationList = 385EFB122A90CDD300BA519B /* Build configuration list for PBXNativeTarget "ListViewUITests" */;
			buildPhases = (
				385EFAFE2A90CDD300BA519B /* Sources */,
				385EFAFF2A90CDD300BA519B /* Frameworks */,
				385EFB002A90CDD300BA519B /* Resources */,
			);
			buildRules = (
			);
			dependencies = (
				385EFB042A90CDD300BA519B /* PBXTargetDependency */,
			);
			name = ListViewUITests;
			productName = ListViewUITests;
			productReference = 385EFB022A90CDD300BA519B /* ListViewUITests.xctest */;
			productType = "com.apple.product-type.bundle.ui-testing";
		};
/* End PBXNativeTarget section */

/* Begin PBXProject section */
		385EFAE02A90CDD100BA519B /* Project object */ = {
			isa = PBXProject;
			attributes = {
				BuildIndependentTargetsInParallel = 1;
				LastSwiftUpdateCheck = 1430;
				LastUpgradeCheck = 1430;
				TargetAttributes = {
					385EFAE72A90CDD100BA519B = {
						CreatedOnToolsVersion = 14.3.1;
					};
					385EFAF72A90CDD300BA519B = {
						CreatedOnToolsVersion = 14.3.1;
						TestTargetID = 385EFAE72A90CDD100BA519B;
					};
					385EFB012A90CDD300BA519B = {
						CreatedOnToolsVersion = 14.3.1;
						TestTargetID = 385EFAE72A90CDD100BA519B;
					};
				};
			};
			buildConfigurationList = 385EFAE32A90CDD100BA519B /* Build configuration list for PBXProject "ListView" */;
			compatibilityVersion = "Xcode 14.0";
			developmentRegion = en;
			hasScannedForEncodings = 0;
			knownRegions = (
				en,
				Base,
			);
			mainGroup = 385EFADF2A90CDD100BA519B;
			productRefGroup = 385EFAE92A90CDD100BA519B /* Products */;
			projectDirPath = "";
			projectRoot = "";
			targets = (
				385EFAE72A90CDD100BA519B /* ListView */,
				385EFAF72A90CDD300BA519B /* ListViewTests */,
				385EFB012A90CDD300BA519B /* ListViewUITests */,
			);
		};
/* End PBXProject section */

/* Begin PBXResourcesBuildPhase section */
		385EFAE62A90CDD100BA519B /* Resources */ = {
			isa = PBXResourcesBuildPhase;
			buildActionMask = 2147483647;
			files = (
				385EFAF32A90CDD300BA519B /* Preview Assets.xcassets in Resources */,
				385EFB192A90CEBF00BA519B /* data.json in Resources */,
				385EFAF02A90CDD300BA519B /* Assets.xcassets in Resources */,
			);
			runOnlyForDeploymentPostprocessing = 0;
		};
		385EFAF62A90CDD300BA519B /* Resources */ = {
			isa = PBXResourcesBuildPhase;
			buildActionMask = 2147483647;
			files = (
			);
			runOnlyForDeploymentPostprocessing = 0;
		};
		385EFB002A90CDD300BA519B /* Resources */ = {
			isa = PBXResourcesBuildPhase;
			buildActionMask = 2147483647;
			files = (
			);
			runOnlyForDeploymentPostprocessing = 0;
		};
/* End PBXResourcesBuildPhase section */

/* Begin PBXSourcesBuildPhase section */
		385EFAE42A90CDD100BA519B /* Sources */ = {
			isa = PBXSourcesBuildPhase;
			buildActionMask = 2147483647;
			files = (
				385EFAEE2A90CDD100BA519B /* ContentView.swift in Sources */,
				385EFB1D2A90DC4200BA519B /* DetailView.swift in Sources */,
				385EFB1B2A90D34E00BA519B /* ListJson.swift in Sources */,
				385EFAEC2A90CDD100BA519B /* ListViewApp.swift in Sources */,
			);
			runOnlyForDeploymentPostprocessing = 0;
		};
		385EFAF42A90CDD300BA519B /* Sources */ = {
			isa = PBXSourcesBuildPhase;
			buildActionMask = 2147483647;
			files = (
				385EFAFD2A90CDD300BA519B /* ListViewTests.swift in Sources */,
			);
			runOnlyForDeploymentPostprocessing = 0;
		};
		385EFAFE2A90CDD300BA519B /* Sources */ = {
			isa = PBXSourcesBuildPhase;
			buildActionMask = 2147483647;
			files = (
				385EFB092A90CDD300BA519B /* ListViewUITestsLaunchTests.swift in Sources */,
				385EFB072A90CDD300BA519B /* ListViewUITests.swift in Sources */,
			);
			runOnlyForDeploymentPostprocessing = 0;
		};
/* End PBXSourcesBuildPhase section */

/* Begin PBXTargetDependency section */
		385EFAFA2A90CDD300BA519B /* PBXTargetDependency */ = {
			isa = PBXTargetDependency;
			target = 385EFAE72A90CDD100BA519B /* ListView */;
			targetProxy = 385EFAF92A90CDD300BA519B /* PBXContainerItemProxy */;
		};
		385EFB042A90CDD300BA519B /* PBXTargetDependency */ = {
			isa = PBXTargetDependency;
			target = 385EFAE72A90CDD100BA519B /* ListView */;
			targetProxy = 385EFB032A90CDD300BA519B /* PBXContainerItemProxy */;
		};
/* End PBXTargetDependency section */

/* Begin XCBuildConfiguration section */
		385EFB0A2A90CDD300BA519B /* Debug */ = {
			isa = XCBuildConfiguration;
			buildSettings = {
				ALWAYS_SEARCH_USER_PATHS = NO;
				CLANG_ANALYZER_NONNULL = YES;
				CLANG_ANALYZER_NUMBER_OBJECT_CONVERSION = YES_AGGRESSIVE;
				CLANG_CXX_LANGUAGE_STANDARD = "gnu++20";
				CLANG_ENABLE_MODULES = YES;
				CLANG_ENABLE_OBJC_ARC = YES;
				CLANG_ENABLE_OBJC_WEAK = YES;
				CLANG_WARN_BLOCK_CAPTURE_AUTORELEASING = YES;
				CLANG_WARN_BOOL_CONVERSION = YES;
				CLANG_WARN_COMMA = YES;
				CLANG_WARN_CONSTANT_CONVERSION = YES;
				CLANG_WARN_DEPRECATED_OBJC_IMPLEMENTATIONS = YES;
				CLANG_WARN_DIRECT_OBJC_ISA_USAGE = YES_ERROR;
				CLANG_WARN_DOCUMENTATION_COMMENTS = YES;
				CLANG_WARN_EMPTY_BODY = YES;
				CLANG_WARN_ENUM_CONVERSION = YES;
				CLANG_WARN_INFINITE_RECURSION = YES;
				CLANG_WARN_INT_CONVERSION = YES;
				CLANG_WARN_NON_LITERAL_NULL_CONVERSION = YES;
				CLANG_WARN_OBJC_IMPLICIT_RETAIN_SELF = YES;
				CLANG_WARN_OBJC_LITERAL_CONVERSION = YES;
				CLANG_WARN_OBJC_ROOT_CLASS = YES_ERROR;
				CLANG_WARN_QUOTED_INCLUDE_IN_FRAMEWORK_HEADER = YES;
				CLANG_WARN_RANGE_LOOP_ANALYSIS = YES;
				CLANG_WARN_STRICT_PROTOTYPES = YES;
				CLANG_WARN_SUSPICIOUS_MOVE = YES;
				CLANG_WARN_UNGUARDED_AVAILABILITY = YES_AGGRESSIVE;
				CLANG_WARN_UNREACHABLE_CODE = YES;
				CLANG_WARN__DUPLICATE_METHOD_MATCH = YES;
				COPY_PHASE_STRIP = NO;
				DEBUG_INFORMATION_FORMAT = dwarf;
				ENABLE_STRICT_OBJC_MSGSEND = YES;
				ENABLE_TESTABILITY = YES;
				GCC_C_LANGUAGE_STANDARD = gnu11;
				GCC_DYNAMIC_NO_PIC = NO;
				GCC_NO_COMMON_BLOCKS = YES;
				GCC_OPTIMIZATION_LEVEL = 0;
				GCC_PREPROCESSOR_DEFINITIONS = (
					"DEBUG=1",
					"$(inherited)",
				);
				GCC_WARN_64_TO_32_BIT_CONVERSION = YES;
				GCC_WARN_ABOUT_RETURN_TYPE = YES_ERROR;
				GCC_WARN_UNDECLARED_SELECTOR = YES;
				GCC_WARN_UNINITIALIZED_AUTOS = YES_AGGRESSIVE;
				GCC_WARN_UNUSED_FUNCTION = YES;
				GCC_WARN_UNUSED_VARIABLE = YES;
				IPHONEOS_DEPLOYMENT_TARGET = 16.4;
				MTL_ENABLE_DEBUG_INFO = INCLUDE_SOURCE;
				MTL_FAST_MATH = YES;
				ONLY_ACTIVE_ARCH = YES;
				SDKROOT = iphoneos;
				SWIFT_ACTIVE_COMPILATION_CONDITIONS = DEBUG;
				SWIFT_OPTIMIZATION_LEVEL = "-Onone";
			};
			name = Debug;
		};
		385EFB0B2A90CDD300BA519B /* Release */ = {
			isa = XCBuildConfiguration;
			buildSettings = {
				ALWAYS_SEARCH_USER_PATHS = NO;
				CLANG_ANALYZER_NONNULL = YES;
				CLANG_ANALYZER_NUMBER_OBJECT_CONVERSION = YES_AGGRESSIVE;
				CLANG_CXX_LANGUAGE_STANDARD = "gnu++20";
				CLANG_ENABLE_MODULES = YES;
				CLANG_ENABLE_OBJC_ARC = YES;
				CLANG_ENABLE_OBJC_WEAK = YES;
				CLANG_WARN_BLOCK_CAPTURE_AUTORELEASING = YES;
				CLANG_WARN_BOOL_CONVERSION = YES;
				CLANG_WARN_COMMA = YES;
				CLANG_WARN_CONSTANT_CONVERSION = YES;
				CLANG_WARN_DEPRECATED_OBJC_IMPLEMENTATIONS = YES;
				CLANG_WARN_DIRECT_OBJC_ISA_USAGE = YES_ERROR;
				CLANG_WARN_DOCUMENTATION_COMMENTS = YES;
				CLANG_WARN_EMPTY_BODY = YES;
				CLANG_WARN_ENUM_CONVERSION = YES;
				CLANG_WARN_INFINITE_RECURSION = YES;
				CLANG_WARN_INT_CONVERSION = YES;
				CLANG_WARN_NON_LITERAL_NULL_CONVERSION = YES;
				CLANG_WARN_OBJC_IMPLICIT_RETAIN_SELF = YES;
				CLANG_WARN_OBJC_LITERAL_CONVERSION = YES;
				CLANG_WARN_OBJC_ROOT_CLASS = YES_ERROR;
				CLANG_WARN_QUOTED_INCLUDE_IN_FRAMEWORK_HEADER = YES;
				CLANG_WARN_RANGE_LOOP_ANALYSIS = YES;
				CLANG_WARN_STRICT_PROTOTYPES = YES;
				CLANG_WARN_SUSPICIOUS_MOVE = YES;
				CLANG_WARN_UNGUARDED_AVAILABILITY = YES_AGGRESSIVE;
				CLANG_WARN_UNREACHABLE_CODE = YES;
				CLANG_WARN__DUPLICATE_METHOD_MATCH = YES;
				COPY_PHASE_STRIP = NO;
				DEBUG_INFORMATION_FORMAT = "dwarf-with-dsym";
				ENABLE_NS_ASSERTIONS = NO;
				ENABLE_STRICT_OBJC_MSGSEND = YES;
				GCC_C_LANGUAGE_STANDARD = gnu11;
				GCC_NO_COMMON_BLOCKS = YES;
				GCC_WARN_64_TO_32_BIT_CONVERSION = YES;
				GCC_WARN_ABOUT_RETURN_TYPE = YES_ERROR;
				GCC_WARN_UNDECLARED_SELECTOR = YES;
				GCC_WARN_UNINITIALIZED_AUTOS = YES_AGGRESSIVE;
				GCC_WARN_UNUSED_FUNCTION = YES;
				GCC_WARN_UNUSED_VARIABLE = YES;
				IPHONEOS_DEPLOYMENT_TARGET = 16.4;
				MTL_ENABLE_DEBUG_INFO = NO;
				MTL_FAST_MATH = YES;
				SDKROOT = iphoneos;
				SWIFT_COMPILATION_MODE = wholemodule;
				SWIFT_OPTIMIZATION_LEVEL = "-O";
				VALIDATE_PRODUCT = YES;
			};
			name = Release;
		};
		385EFB0D2A90CDD300BA519B /* Debug */ = {
			isa = XCBuildConfiguration;
			buildSettings = {
				ASSETCATALOG_COMPILER_APPICON_NAME = AppIcon;
				ASSETCATALOG_COMPILER_GLOBAL_ACCENT_COLOR_NAME = AccentColor;
				CODE_SIGN_STYLE = Automatic;
				CURRENT_PROJECT_VERSION = 1;
				DEVELOPMENT_ASSET_PATHS = "\"ListView/Preview Content\"";
				DEVELOPMENT_TEAM = 3TV6W5T6DR;
				ENABLE_PREVIEWS = YES;
				GENERATE_INFOPLIST_FILE = YES;
				INFOPLIST_KEY_UIApplicationSceneManifest_Generation = YES;
				INFOPLIST_KEY_UIApplicationSupportsIndirectInputEvents = YES;
				INFOPLIST_KEY_UILaunchScreen_Generation = YES;
				INFOPLIST_KEY_UISupportedInterfaceOrientations_iPad = "UIInterfaceOrientationPortrait UIInterfaceOrientationPortraitUpsideDown UIInterfaceOrientationLandscapeLeft UIInterfaceOrientationLandscapeRight";
				INFOPLIST_KEY_UISupportedInterfaceOrientations_iPhone = "UIInterfaceOrientationPortrait UIInterfaceOrientationLandscapeLeft UIInterfaceOrientationLandscapeRight";
				LD_RUNPATH_SEARCH_PATHS = (
					"$(inherited)",
					"@executable_path/Frameworks",
				);
				MARKETING_VERSION = 1.0;
				PRODUCT_BUNDLE_IDENTIFIER = com.abhi.playground.ListView;
				PRODUCT_NAME = "$(TARGET_NAME)";
				SWIFT_EMIT_LOC_STRINGS = YES;
				SWIFT_VERSION = 5.0;
				TARGETED_DEVICE_FAMILY = "1,2";
			};
			name = Debug;
		};
		385EFB0E2A90CDD300BA519B /* Release */ = {
			isa = XCBuildConfiguration;
			buildSettings = {
				ASSETCATALOG_COMPILER_APPICON_NAME = AppIcon;
				ASSETCATALOG_COMPILER_GLOBAL_ACCENT_COLOR_NAME = AccentColor;
				CODE_SIGN_STYLE = Automatic;
				CURRENT_PROJECT_VERSION = 1;
				DEVELOPMENT_ASSET_PATHS = "\"ListView/Preview Content\"";
				DEVELOPMENT_TEAM = 3TV6W5T6DR;
				ENABLE_PREVIEWS = YES;
				GENERATE_INFOPLIST_FILE = YES;
				INFOPLIST_KEY_UIApplicationSceneManifest_Generation = YES;
				INFOPLIST_KEY_UIApplicationSupportsIndirectInputEvents = YES;
				INFOPLIST_KEY_UILaunchScreen_Generation = YES;
				INFOPLIST_KEY_UISupportedInterfaceOrientations_iPad = "UIInterfaceOrientationPortrait UIInterfaceOrientationPortraitUpsideDown UIInterfaceOrientationLandscapeLeft UIInterfaceOrientationLandscapeRight";
				INFOPLIST_KEY_UISupportedInterfaceOrientations_iPhone = "UIInterfaceOrientationPortrait UIInterfaceOrientationLandscapeLeft UIInterfaceOrientationLandscapeRight";
				LD_RUNPATH_SEARCH_PATHS = (
					"$(inherited)",
					"@executable_path/Frameworks",
				);
				MARKETING_VERSION = 1.0;
				PRODUCT_BUNDLE_IDENTIFIER = com.abhi.playground.ListView;
				PRODUCT_NAME = "$(TARGET_NAME)";
				SWIFT_EMIT_LOC_STRINGS = YES;
				SWIFT_VERSION = 5.0;
				TARGETED_DEVICE_FAMILY = "1,2";
			};
			name = Release;
		};
		385EFB102A90CDD300BA519B /* Debug */ = {
			isa = XCBuildConfiguration;
			buildSettings = {
				ALWAYS_EMBED_SWIFT_STANDARD_LIBRARIES = YES;
				BUNDLE_LOADER = "$(TEST_HOST)";
				CODE_SIGN_STYLE = Automatic;
				CURRENT_PROJECT_VERSION = 1;
				DEVELOPMENT_TEAM = 3TV6W5T6DR;
				GENERATE_INFOPLIST_FILE = YES;
				IPHONEOS_DEPLOYMENT_TARGET = 16.4;
				MARKETING_VERSION = 1.0;
				PRODUCT_BUNDLE_IDENTIFIER = com.abhi.playground.ListViewTests;
				PRODUCT_NAME = "$(TARGET_NAME)";
				SWIFT_EMIT_LOC_STRINGS = NO;
				SWIFT_VERSION = 5.0;
				TARGETED_DEVICE_FAMILY = "1,2";
				TEST_HOST = "$(BUILT_PRODUCTS_DIR)/ListView.app/$(BUNDLE_EXECUTABLE_FOLDER_PATH)/ListView";
			};
			name = Debug;
		};
		385EFB112A90CDD300BA519B /* Release */ = {
			isa = XCBuildConfiguration;
			buildSettings = {
				ALWAYS_EMBED_SWIFT_STANDARD_LIBRARIES = YES;
				BUNDLE_LOADER = "$(TEST_HOST)";
				CODE_SIGN_STYLE = Automatic;
				CURRENT_PROJECT_VERSION = 1;
				DEVELOPMENT_TEAM = 3TV6W5T6DR;
				GENERATE_INFOPLIST_FILE = YES;
				IPHONEOS_DEPLOYMENT_TARGET = 16.4;
				MARKETING_VERSION = 1.0;
				PRODUCT_BUNDLE_IDENTIFIER = com.abhi.playground.ListViewTests;
				PRODUCT_NAME = "$(TARGET_NAME)";
				SWIFT_EMIT_LOC_STRINGS = NO;
				SWIFT_VERSION = 5.0;
				TARGETED_DEVICE_FAMILY = "1,2";
				TEST_HOST = "$(BUILT_PRODUCTS_DIR)/ListView.app/$(BUNDLE_EXECUTABLE_FOLDER_PATH)/ListView";
			};
			name = Release;
		};
		385EFB132A90CDD300BA519B /* Debug */ = {
			isa = XCBuildConfiguration;
			buildSettings = {
				ALWAYS_EMBED_SWIFT_STANDARD_LIBRARIES = YES;
				CODE_SIGN_STYLE = Automatic;
				CURRENT_PROJECT_VERSION = 1;
				DEVELOPMENT_TEAM = 3TV6W5T6DR;
				GENERATE_INFOPLIST_FILE = YES;
				MARKETING_VERSION = 1.0;
				PRODUCT_BUNDLE_IDENTIFIER = com.abhi.playground.ListViewUITests;
				PRODUCT_NAME = "$(TARGET_NAME)";
				SWIFT_EMIT_LOC_STRINGS = NO;
				SWIFT_VERSION = 5.0;
				TARGETED_DEVICE_FAMILY = "1,2";
				TEST_TARGET_NAME = ListView;
			};
			name = Debug;
		};
		385EFB142A90CDD300BA519B /* Release */ = {
			isa = XCBuildConfiguration;
			buildSettings = {
				ALWAYS_EMBED_SWIFT_STANDARD_LIBRARIES = YES;
				CODE_SIGN_STYLE = Automatic;
				CURRENT_PROJECT_VERSION = 1;
				DEVELOPMENT_TEAM = 3TV6W5T6DR;
				GENERATE_INFOPLIST_FILE = YES;
				MARKETING_VERSION = 1.0;
				PRODUCT_BUNDLE_IDENTIFIER = com.abhi.playground.ListViewUITests;
				PRODUCT_NAME = "$(TARGET_NAME)";
				SWIFT_EMIT_LOC_STRINGS = NO;
				SWIFT_VERSION = 5.0;
				TARGETED_DEVICE_FAMILY = "1,2";
				TEST_TARGET_NAME = ListView;
			};
			name = Release;
		};
/* End XCBuildConfiguration section */

/* Begin XCConfigurationList section */
		385EFAE32A90CDD100BA519B /* Build configuration list for PBXProject "ListView" */ = {
			isa = XCConfigurationList;
			buildConfigurations = (
				385EFB0A2A90CDD300BA519B /* Debug */,
				385EFB0B2A90CDD300BA519B /* Release */,
			);
			defaultConfigurationIsVisible = 0;
			defaultConfigurationName = Release;
		};
		385EFB0C2A90CDD300BA519B /* Build configuration list for PBXNativeTarget "ListView" */ = {
			isa = XCConfigurationList;
			buildConfigurations = (
				385EFB0D2A90CDD300BA519B /* Debug */,
				385EFB0E2A90CDD300BA519B /* Release */,
			);
			defaultConfigurationIsVisible = 0;
			defaultConfigurationName = Release;
		};
		385EFB0F2A90CDD300BA519B /* Build configuration list for PBXNativeTarget "ListViewTests" */ = {
			isa = XCConfigurationList;
			buildConfigurations = (
				385EFB102A90CDD300BA519B /* Debug */,
				385EFB112A90CDD300BA519B /* Release */,
			);
			defaultConfigurationIsVisible = 0;
			defaultConfigurationName = Release;
		};
		385EFB122A90CDD300BA519B /* Build configuration list for PBXNativeTarget "ListViewUITests" */ = {
			isa = XCConfigurationList;
			buildConfigurations = (
				385EFB132A90CDD300BA519B /* Debug */,
				385EFB142A90CDD300BA519B /* Release */,
			);
			defaultConfigurationIsVisible = 0;
			defaultConfigurationName = Release;
		};
/* End XCConfigurationList section */
	};
	rootObject = 385EFAE02A90CDD100BA519B /* Project object */;
}
